// !$*UTF8*$!
{
	archiveVersion = 1;
	classes = {
	};
	objectVersion = 55;
	objects = {

/* Begin PBXBuildFile section */
		6D129688289AD7D2005033F2 /* PortfolioView.swift in Sources */ = {isa = PBXBuildFile; fileRef = 6D129687289AD7D2005033F2 /* PortfolioView.swift */; };
		6D12968A289AD9D2005033F2 /* XMarkButton.swift in Sources */ = {isa = PBXBuildFile; fileRef = 6D129689289AD9D2005033F2 /* XMarkButton.swift */; };
		6D12968C289ADC6B005033F2 /* CoinLogoView.swift in Sources */ = {isa = PBXBuildFile; fileRef = 6D12968B289ADC6B005033F2 /* CoinLogoView.swift */; };
		6D1C2BEA288AE55800BA7197 /* LocalFileManager.swift in Sources */ = {isa = PBXBuildFile; fileRef = 6D1C2BE9288AE55800BA7197 /* LocalFileManager.swift */; };
		6D2E57322875E85800F24FD7 /* CoinModel.swift in Sources */ = {isa = PBXBuildFile; fileRef = 6D2E57312875E85800F24FD7 /* CoinModel.swift */; };
		6D3B4D46287858DE00545E15 /* CoinRowView.swift in Sources */ = {isa = PBXBuildFile; fileRef = 6D3B4D45287858DE00545E15 /* CoinRowView.swift */; };
		6D3B4D482878593F00545E15 /* PreviewProvider.swift in Sources */ = {isa = PBXBuildFile; fileRef = 6D3B4D472878593F00545E15 /* PreviewProvider.swift */; };
		6D3B4D4A28786FE000545E15 /* Double.swift in Sources */ = {isa = PBXBuildFile; fileRef = 6D3B4D4928786FE000545E15 /* Double.swift */; };
		6D3DAA8A28AA92D800ACAC6F /* HapticManager.swift in Sources */ = {isa = PBXBuildFile; fileRef = 6D3DAA8928AA92D800ACAC6F /* HapticManager.swift */; };
		6D4AB12E28C231670089BA58 /* String.swift in Sources */ = {isa = PBXBuildFile; fileRef = 6D4AB12D28C231670089BA58 /* String.swift */; };
		6D4EE705287DCEBF002616A6 /* HomeViewModel.swift in Sources */ = {isa = PBXBuildFile; fileRef = 6D4EE704287DCEBF002616A6 /* HomeViewModel.swift */; };
		6D855C6928998091007A52FD /* MarketDataModel.swift in Sources */ = {isa = PBXBuildFile; fileRef = 6D855C6828998091007A52FD /* MarketDataModel.swift */; };
		6D855C6B2899868E007A52FD /* MarketDataService.swift in Sources */ = {isa = PBXBuildFile; fileRef = 6D855C6A2899868E007A52FD /* MarketDataService.swift */; };
		6D8F70C42892BBB900BD016B /* StatisticModel.swift in Sources */ = {isa = PBXBuildFile; fileRef = 6D8F70C32892BBB900BD016B /* StatisticModel.swift */; };
		6D8F70C62892BCE600BD016B /* StatisticView.swift in Sources */ = {isa = PBXBuildFile; fileRef = 6D8F70C52892BCE600BD016B /* StatisticView.swift */; };
		6D8F70C82892C07A00BD016B /* HomeStatsView.swift in Sources */ = {isa = PBXBuildFile; fileRef = 6D8F70C72892C07A00BD016B /* HomeStatsView.swift */; };
		6D95061F288F09FD009C7DC5 /* SearchBarView.swift in Sources */ = {isa = PBXBuildFile; fileRef = 6D95061E288F09FD009C7DC5 /* SearchBarView.swift */; };
		6D950621288F0F4D009C7DC5 /* UIApplication.swift in Sources */ = {isa = PBXBuildFile; fileRef = 6D950620288F0F4D009C7DC5 /* UIApplication.swift */; };
		6DA52DE2286F1EB600AE38BA /* Crypto_coinsApp.swift in Sources */ = {isa = PBXBuildFile; fileRef = 6DA52DE1286F1EB600AE38BA /* Crypto_coinsApp.swift */; };
		6DA52DE4286F1EB600AE38BA /* ContentView.swift in Sources */ = {isa = PBXBuildFile; fileRef = 6DA52DE3286F1EB600AE38BA /* ContentView.swift */; };
		6DA52DE9286F1EB900AE38BA /* Preview Assets.xcassets in Resources */ = {isa = PBXBuildFile; fileRef = 6DA52DE8286F1EB900AE38BA /* Preview Assets.xcassets */; };
		6DA52DF0286F1F6500AE38BA /* Assets.xcassets in Resources */ = {isa = PBXBuildFile; fileRef = 6DA52DEF286F1F6500AE38BA /* Assets.xcassets */; };
		6DA52DF3286F205B00AE38BA /* Color.swift in Sources */ = {isa = PBXBuildFile; fileRef = 6DA52DF2286F205B00AE38BA /* Color.swift */; };
		6DA52DF9286F229C00AE38BA /* HomeView.swift in Sources */ = {isa = PBXBuildFile; fileRef = 6DA52DF8286F229C00AE38BA /* HomeView.swift */; };
		6DA52DFD286F238900AE38BA /* CircleButtonView.swift in Sources */ = {isa = PBXBuildFile; fileRef = 6DA52DFC286F238900AE38BA /* CircleButtonView.swift */; };
		6DA52DFF286F26CB00AE38BA /* CircleButtonAnimationView.swift in Sources */ = {isa = PBXBuildFile; fileRef = 6DA52DFE286F26CB00AE38BA /* CircleButtonAnimationView.swift */; };
		6DA8F8A828BF3C5000897C2D /* ChartView.swift in Sources */ = {isa = PBXBuildFile; fileRef = 6DA8F8A728BF3C5000897C2D /* ChartView.swift */; };
		6DA8F8AA28BF4B1B00897C2D /* Date.swift in Sources */ = {isa = PBXBuildFile; fileRef = 6DA8F8A928BF4B1B00897C2D /* Date.swift */; };
		6DAD06B22888164100AA9702 /* CoinImageView.swift in Sources */ = {isa = PBXBuildFile; fileRef = 6DAD06B12888164100AA9702 /* CoinImageView.swift */; };
		6DAD06B42888177100AA9702 /* CoinImageService.swift in Sources */ = {isa = PBXBuildFile; fileRef = 6DAD06B32888177100AA9702 /* CoinImageService.swift */; };
		6DAD06B6288818FF00AA9702 /* CoinImageViewModel.swift in Sources */ = {isa = PBXBuildFile; fileRef = 6DAD06B5288818FF00AA9702 /* CoinImageViewModel.swift */; };
		6DAD2CD328B0F706001C66DA /* DetailView.swift in Sources */ = {isa = PBXBuildFile; fileRef = 6DAD2CD228B0F706001C66DA /* DetailView.swift */; };
		6DC42C6528857E6D001F9FF9 /* NetworkingManager.swift in Sources */ = {isa = PBXBuildFile; fileRef = 6DC42C6428857E6D001F9FF9 /* NetworkingManager.swift */; };
		6DDCDF1728A1748600656F6C /* PortfolioContainer.xcdatamodeld in Sources */ = {isa = PBXBuildFile; fileRef = 6DDCDF1528A1748600656F6C /* PortfolioContainer.xcdatamodeld */; };
		6DDCDF1928A1752200656F6C /* PortfolioDataService.swift in Sources */ = {isa = PBXBuildFile; fileRef = 6DDCDF1828A1752200656F6C /* PortfolioDataService.swift */; };
		6DF1C8BB288077E800FAE574 /* CoinDataService.swift in Sources */ = {isa = PBXBuildFile; fileRef = 6DF1C8BA288077E800FAE574 /* CoinDataService.swift */; };
		6DFEE1B228B3D2740019F082 /* CoinDetailModel.swift in Sources */ = {isa = PBXBuildFile; fileRef = 6DFEE1B128B3D2740019F082 /* CoinDetailModel.swift */; };
		6DFEE1B428B3D5BD0019F082 /* DetailViewModel.swift in Sources */ = {isa = PBXBuildFile; fileRef = 6DFEE1B328B3D5BD0019F082 /* DetailViewModel.swift */; };
		6DFEE1B628B3D5EA0019F082 /* CoinDetailDataService.swift in Sources */ = {isa = PBXBuildFile; fileRef = 6DFEE1B528B3D5EA0019F082 /* CoinDetailDataService.swift */; };
/* End PBXBuildFile section */

/* Begin PBXFileReference section */
		6D129687289AD7D2005033F2 /* PortfolioView.swift */ = {isa = PBXFileReference; lastKnownFileType = sourcecode.swift; path = PortfolioView.swift; sourceTree = "<group>"; };
		6D129689289AD9D2005033F2 /* XMarkButton.swift */ = {isa = PBXFileReference; lastKnownFileType = sourcecode.swift; path = XMarkButton.swift; sourceTree = "<group>"; };
		6D12968B289ADC6B005033F2 /* CoinLogoView.swift */ = {isa = PBXFileReference; lastKnownFileType = sourcecode.swift; path = CoinLogoView.swift; sourceTree = "<group>"; };
		6D1C2BE9288AE55800BA7197 /* LocalFileManager.swift */ = {isa = PBXFileReference; lastKnownFileType = sourcecode.swift; path = LocalFileManager.swift; sourceTree = "<group>"; };
		6D2E57312875E85800F24FD7 /* CoinModel.swift */ = {isa = PBXFileReference; lastKnownFileType = sourcecode.swift; path = CoinModel.swift; sourceTree = "<group>"; };
		6D3B4D45287858DE00545E15 /* CoinRowView.swift */ = {isa = PBXFileReference; lastKnownFileType = sourcecode.swift; path = CoinRowView.swift; sourceTree = "<group>"; };
		6D3B4D472878593F00545E15 /* PreviewProvider.swift */ = {isa = PBXFileReference; lastKnownFileType = sourcecode.swift; path = PreviewProvider.swift; sourceTree = "<group>"; };
		6D3B4D4928786FE000545E15 /* Double.swift */ = {isa = PBXFileReference; lastKnownFileType = sourcecode.swift; path = Double.swift; sourceTree = "<group>"; };
		6D3DAA8928AA92D800ACAC6F /* HapticManager.swift */ = {isa = PBXFileReference; lastKnownFileType = sourcecode.swift; path = HapticManager.swift; sourceTree = "<group>"; };
		6D4AB12D28C231670089BA58 /* String.swift */ = {isa = PBXFileReference; lastKnownFileType = sourcecode.swift; path = String.swift; sourceTree = "<group>"; };
		6D4EE704287DCEBF002616A6 /* HomeViewModel.swift */ = {isa = PBXFileReference; lastKnownFileType = sourcecode.swift; path = HomeViewModel.swift; sourceTree = "<group>"; };
		6D855C6828998091007A52FD /* MarketDataModel.swift */ = {isa = PBXFileReference; lastKnownFileType = sourcecode.swift; path = MarketDataModel.swift; sourceTree = "<group>"; };
		6D855C6A2899868E007A52FD /* MarketDataService.swift */ = {isa = PBXFileReference; lastKnownFileType = sourcecode.swift; path = MarketDataService.swift; sourceTree = "<group>"; };
		6D8F70C32892BBB900BD016B /* StatisticModel.swift */ = {isa = PBXFileReference; lastKnownFileType = sourcecode.swift; path = StatisticModel.swift; sourceTree = "<group>"; };
		6D8F70C52892BCE600BD016B /* StatisticView.swift */ = {isa = PBXFileReference; lastKnownFileType = sourcecode.swift; path = StatisticView.swift; sourceTree = "<group>"; };
		6D8F70C72892C07A00BD016B /* HomeStatsView.swift */ = {isa = PBXFileReference; lastKnownFileType = sourcecode.swift; path = HomeStatsView.swift; sourceTree = "<group>"; };
		6D95061E288F09FD009C7DC5 /* SearchBarView.swift */ = {isa = PBXFileReference; lastKnownFileType = sourcecode.swift; path = SearchBarView.swift; sourceTree = "<group>"; };
		6D950620288F0F4D009C7DC5 /* UIApplication.swift */ = {isa = PBXFileReference; lastKnownFileType = sourcecode.swift; path = UIApplication.swift; sourceTree = "<group>"; };
		6DA52DDE286F1EB600AE38BA /* Crypto coins.app */ = {isa = PBXFileReference; explicitFileType = wrapper.application; includeInIndex = 0; path = "Crypto coins.app"; sourceTree = BUILT_PRODUCTS_DIR; };
		6DA52DE1286F1EB600AE38BA /* Crypto_coinsApp.swift */ = {isa = PBXFileReference; lastKnownFileType = sourcecode.swift; path = Crypto_coinsApp.swift; sourceTree = "<group>"; };
		6DA52DE3286F1EB600AE38BA /* ContentView.swift */ = {isa = PBXFileReference; lastKnownFileType = sourcecode.swift; path = ContentView.swift; sourceTree = "<group>"; };
		6DA52DE8286F1EB900AE38BA /* Preview Assets.xcassets */ = {isa = PBXFileReference; lastKnownFileType = folder.assetcatalog; path = "Preview Assets.xcassets"; sourceTree = "<group>"; };
		6DA52DEF286F1F6500AE38BA /* Assets.xcassets */ = {isa = PBXFileReference; lastKnownFileType = folder.assetcatalog; name = Assets.xcassets; path = ../../../../Downloads/Resources/Assets.xcassets; sourceTree = "<group>"; };
		6DA52DF2286F205B00AE38BA /* Color.swift */ = {isa = PBXFileReference; lastKnownFileType = sourcecode.swift; path = Color.swift; sourceTree = "<group>"; };
		6DA52DF8286F229C00AE38BA /* HomeView.swift */ = {isa = PBXFileReference; lastKnownFileType = sourcecode.swift; path = HomeView.swift; sourceTree = "<group>"; };
		6DA52DFC286F238900AE38BA /* CircleButtonView.swift */ = {isa = PBXFileReference; lastKnownFileType = sourcecode.swift; path = CircleButtonView.swift; sourceTree = "<group>"; };
		6DA52DFE286F26CB00AE38BA /* CircleButtonAnimationView.swift */ = {isa = PBXFileReference; lastKnownFileType = sourcecode.swift; path = CircleButtonAnimationView.swift; sourceTree = "<group>"; };
		6DA8F8A728BF3C5000897C2D /* ChartView.swift */ = {isa = PBXFileReference; lastKnownFileType = sourcecode.swift; path = ChartView.swift; sourceTree = "<group>"; };
		6DA8F8A928BF4B1B00897C2D /* Date.swift */ = {isa = PBXFileReference; lastKnownFileType = sourcecode.swift; path = Date.swift; sourceTree = "<group>"; };
		6DAD06B12888164100AA9702 /* CoinImageView.swift */ = {isa = PBXFileReference; lastKnownFileType = sourcecode.swift; path = CoinImageView.swift; sourceTree = "<group>"; };
		6DAD06B32888177100AA9702 /* CoinImageService.swift */ = {isa = PBXFileReference; lastKnownFileType = sourcecode.swift; path = CoinImageService.swift; sourceTree = "<group>"; };
		6DAD06B5288818FF00AA9702 /* CoinImageViewModel.swift */ = {isa = PBXFileReference; lastKnownFileType = sourcecode.swift; path = CoinImageViewModel.swift; sourceTree = "<group>"; };
		6DAD2CD228B0F706001C66DA /* DetailView.swift */ = {isa = PBXFileReference; lastKnownFileType = sourcecode.swift; path = DetailView.swift; sourceTree = "<group>"; };
		6DC42C6428857E6D001F9FF9 /* NetworkingManager.swift */ = {isa = PBXFileReference; lastKnownFileType = sourcecode.swift; path = NetworkingManager.swift; sourceTree = "<group>"; };
		6DDCDF1628A1748600656F6C /* PortfilioContainer.xcdatamodel */ = {isa = PBXFileReference; lastKnownFileType = wrapper.xcdatamodel; path = PortfilioContainer.xcdatamodel; sourceTree = "<group>"; };
		6DDCDF1828A1752200656F6C /* PortfolioDataService.swift */ = {isa = PBXFileReference; lastKnownFileType = sourcecode.swift; path = PortfolioDataService.swift; sourceTree = "<group>"; };
		6DF1C8BA288077E800FAE574 /* CoinDataService.swift */ = {isa = PBXFileReference; lastKnownFileType = sourcecode.swift; path = CoinDataService.swift; sourceTree = "<group>"; };
		6DFEE1B128B3D2740019F082 /* CoinDetailModel.swift */ = {isa = PBXFileReference; lastKnownFileType = sourcecode.swift; path = CoinDetailModel.swift; sourceTree = "<group>"; };
		6DFEE1B328B3D5BD0019F082 /* DetailViewModel.swift */ = {isa = PBXFileReference; lastKnownFileType = sourcecode.swift; path = DetailViewModel.swift; sourceTree = "<group>"; };
		6DFEE1B528B3D5EA0019F082 /* CoinDetailDataService.swift */ = {isa = PBXFileReference; lastKnownFileType = sourcecode.swift; path = CoinDetailDataService.swift; sourceTree = "<group>"; };
/* End PBXFileReference section */

/* Begin PBXFrameworksBuildPhase section */
		6DA52DDB286F1EB600AE38BA /* Frameworks */ = {
			isa = PBXFrameworksBuildPhase;
			buildActionMask = 2147483647;
			files = (
			);
			runOnlyForDeploymentPostprocessing = 0;
		};
/* End PBXFrameworksBuildPhase section */

/* Begin PBXGroup section */
		6D2E57302875E82900F24FD7 /* Models */ = {
			isa = PBXGroup;
			children = (
				6DFEE1B128B3D2740019F082 /* CoinDetailModel.swift */,
				6D2E57312875E85800F24FD7 /* CoinModel.swift */,
				6D8F70C32892BBB900BD016B /* StatisticModel.swift */,
				6D855C6828998091007A52FD /* MarketDataModel.swift */,
				6DDCDF1528A1748600656F6C /* PortfolioContainer.xcdatamodeld */,
			);
			path = Models;
			sourceTree = "<group>";
		};
		6DA52DD5286F1EB600AE38BA = {
			isa = PBXGroup;
			children = (
				6DA52DE0286F1EB600AE38BA /* Crypto coins */,
				6DA52DDF286F1EB600AE38BA /* Products */,
			);
			sourceTree = "<group>";
		};
		6DA52DDF286F1EB600AE38BA /* Products */ = {
			isa = PBXGroup;
			children = (
				6DA52DDE286F1EB600AE38BA /* Crypto coins.app */,
			);
			name = Products;
			sourceTree = "<group>";
		};
		6DA52DE0286F1EB600AE38BA /* Crypto coins */ = {
			isa = PBXGroup;
			children = (
				6DA52DE1286F1EB600AE38BA /* Crypto_coinsApp.swift */,
				6DC42C6328857E3C001F9FF9 /* Utilities */,
				6DA52DF1286F205000AE38BA /* Extensions */,
				6DF1C8B9288077C200FAE574 /* Services */,
				6D2E57302875E82900F24FD7 /* Models */,
				6DA52DF5286F226900AE38BA /* Core */,
				6DA52DE3286F1EB600AE38BA /* ContentView.swift */,
				6DA52DEF286F1F6500AE38BA /* Assets.xcassets */,
				6DA52DE7286F1EB900AE38BA /* Preview Content */,
			);
			path = "Crypto coins";
			sourceTree = "<group>";
		};
		6DA52DE7286F1EB900AE38BA /* Preview Content */ = {
			isa = PBXGroup;
			children = (
				6DA52DE8286F1EB900AE38BA /* Preview Assets.xcassets */,
			);
			path = "Preview Content";
			sourceTree = "<group>";
		};
		6DA52DF1286F205000AE38BA /* Extensions */ = {
			isa = PBXGroup;
			children = (
				6DA52DF2286F205B00AE38BA /* Color.swift */,
				6D3B4D472878593F00545E15 /* PreviewProvider.swift */,
				6D3B4D4928786FE000545E15 /* Double.swift */,
				6D950620288F0F4D009C7DC5 /* UIApplication.swift */,
				6DA8F8A928BF4B1B00897C2D /* Date.swift */,
				6D4AB12D28C231670089BA58 /* String.swift */,
			);
			path = Extensions;
			sourceTree = "<group>";
		};
		6DA52DF4286F225800AE38BA /* Home */ = {
			isa = PBXGroup;
			children = (
				6DA52DF7286F228700AE38BA /* ViewModels */,
				6DA52DF6286F227F00AE38BA /* Views */,
			);
			path = Home;
			sourceTree = "<group>";
		};
		6DA52DF5286F226900AE38BA /* Core */ = {
			isa = PBXGroup;
			children = (
				6DAD2CCF28B0F6C5001C66DA /* Detail */,
				6DA52DFA286F236500AE38BA /* Components */,
				6DA52DF4286F225800AE38BA /* Home */,
			);
			path = Core;
			sourceTree = "<group>";
		};
		6DA52DF6286F227F00AE38BA /* Views */ = {
			isa = PBXGroup;
			children = (
				6DA52DF8286F229C00AE38BA /* HomeView.swift */,
				6D3B4D45287858DE00545E15 /* CoinRowView.swift */,
				6D8F70C72892C07A00BD016B /* HomeStatsView.swift */,
				6D129687289AD7D2005033F2 /* PortfolioView.swift */,
			);
			path = Views;
			sourceTree = "<group>";
		};
		6DA52DF7286F228700AE38BA /* ViewModels */ = {
			isa = PBXGroup;
			children = (
				6D4EE704287DCEBF002616A6 /* HomeViewModel.swift */,
			);
			path = ViewModels;
			sourceTree = "<group>";
		};
		6DA52DFA286F236500AE38BA /* Components */ = {
			isa = PBXGroup;
			children = (
				6DAD06B02888163100AA9702 /* CoinImage */,
				6DA52DFB286F237D00AE38BA /* CircleButton */,
				6D95061E288F09FD009C7DC5 /* SearchBarView.swift */,
				6D8F70C52892BCE600BD016B /* StatisticView.swift */,
				6D129689289AD9D2005033F2 /* XMarkButton.swift */,
			);
			path = Components;
			sourceTree = "<group>";
		};
		6DA52DFB286F237D00AE38BA /* CircleButton */ = {
			isa = PBXGroup;
			children = (
				6DA52DFC286F238900AE38BA /* CircleButtonView.swift */,
				6DA52DFE286F26CB00AE38BA /* CircleButtonAnimationView.swift */,
			);
			path = CircleButton;
			sourceTree = "<group>";
		};
		6DAD06B02888163100AA9702 /* CoinImage */ = {
			isa = PBXGroup;
			children = (
				6DAD06B12888164100AA9702 /* CoinImageView.swift */,
				6DAD06B5288818FF00AA9702 /* CoinImageViewModel.swift */,
				6D12968B289ADC6B005033F2 /* CoinLogoView.swift */,
			);
			path = CoinImage;
			sourceTree = "<group>";
		};
		6DAD2CCF28B0F6C5001C66DA /* Detail */ = {
			isa = PBXGroup;
			children = (
				6DAD2CD028B0F6DD001C66DA /* ViewModels */,
				6DAD2CD128B0F6E6001C66DA /* Views */,
			);
			path = Detail;
			sourceTree = "<group>";
		};
		6DAD2CD028B0F6DD001C66DA /* ViewModels */ = {
			isa = PBXGroup;
			children = (
				6DFEE1B328B3D5BD0019F082 /* DetailViewModel.swift */,
			);
			path = ViewModels;
			sourceTree = "<group>";
		};
		6DAD2CD128B0F6E6001C66DA /* Views */ = {
			isa = PBXGroup;
			children = (
				6DAD2CD228B0F706001C66DA /* DetailView.swift */,
				6DA8F8A728BF3C5000897C2D /* ChartView.swift */,
			);
			path = Views;
			sourceTree = "<group>";
		};
		6DC42C6328857E3C001F9FF9 /* Utilities */ = {
			isa = PBXGroup;
			children = (
				6DC42C6428857E6D001F9FF9 /* NetworkingManager.swift */,
				6D1C2BE9288AE55800BA7197 /* LocalFileManager.swift */,
				6D3DAA8928AA92D800ACAC6F /* HapticManager.swift */,
			);
			path = Utilities;
			sourceTree = "<group>";
		};
		6DF1C8B9288077C200FAE574 /* Services */ = {
			isa = PBXGroup;
			children = (
				6DF1C8BA288077E800FAE574 /* CoinDataService.swift */,
				6DAD06B32888177100AA9702 /* CoinImageService.swift */,
				6D855C6A2899868E007A52FD /* MarketDataService.swift */,
				6DDCDF1828A1752200656F6C /* PortfolioDataService.swift */,
				6DFEE1B528B3D5EA0019F082 /* CoinDetailDataService.swift */,
			);
			path = Services;
			sourceTree = "<group>";
		};
/* End PBXGroup section */

/* Begin PBXNativeTarget section */
		6DA52DDD286F1EB600AE38BA /* Crypto coins */ = {
			isa = PBXNativeTarget;
			buildConfigurationList = 6DA52DEC286F1EB900AE38BA /* Build configuration list for PBXNativeTarget "Crypto coins" */;
			buildPhases = (
				6DA52DDA286F1EB600AE38BA /* Sources */,
				6DA52DDB286F1EB600AE38BA /* Frameworks */,
				6DA52DDC286F1EB600AE38BA /* Resources */,
			);
			buildRules = (
			);
			dependencies = (
			);
			name = "Crypto coins";
			productName = "Crypto coins";
			productReference = 6DA52DDE286F1EB600AE38BA /* Crypto coins.app */;
			productType = "com.apple.product-type.application";
		};
/* End PBXNativeTarget section */

/* Begin PBXProject section */
		6DA52DD6286F1EB600AE38BA /* Project object */ = {
			isa = PBXProject;
			attributes = {
				BuildIndependentTargetsInParallel = 1;
				LastSwiftUpdateCheck = 1340;
				LastUpgradeCheck = 1340;
				TargetAttributes = {
					6DA52DDD286F1EB600AE38BA = {
						CreatedOnToolsVersion = 13.4.1;
					};
				};
			};
			buildConfigurationList = 6DA52DD9286F1EB600AE38BA /* Build configuration list for PBXProject "Crypto coins" */;
			compatibilityVersion = "Xcode 13.0";
			developmentRegion = en;
			hasScannedForEncodings = 0;
			knownRegions = (
				en,
				Base,
			);
			mainGroup = 6DA52DD5286F1EB600AE38BA;
			productRefGroup = 6DA52DDF286F1EB600AE38BA /* Products */;
			projectDirPath = "";
			projectRoot = "";
			targets = (
				6DA52DDD286F1EB600AE38BA /* Crypto coins */,
			);
		};
/* End PBXProject section */

/* Begin PBXResourcesBuildPhase section */
		6DA52DDC286F1EB600AE38BA /* Resources */ = {
			isa = PBXResourcesBuildPhase;
			buildActionMask = 2147483647;
			files = (
				6DA52DE9286F1EB900AE38BA /* Preview Assets.xcassets in Resources */,
				6DA52DF0286F1F6500AE38BA /* Assets.xcassets in Resources */,
			);
			runOnlyForDeploymentPostprocessing = 0;
		};
/* End PBXResourcesBuildPhase section */

/* Begin PBXSourcesBuildPhase section */
		6DA52DDA286F1EB600AE38BA /* Sources */ = {
			isa = PBXSourcesBuildPhase;
			buildActionMask = 2147483647;
			files = (
				6D8F70C42892BBB900BD016B /* StatisticModel.swift in Sources */,
				6DF1C8BB288077E800FAE574 /* CoinDataService.swift in Sources */,
				6D3B4D46287858DE00545E15 /* CoinRowView.swift in Sources */,
				6DA8F8A828BF3C5000897C2D /* ChartView.swift in Sources */,
				6D12968A289AD9D2005033F2 /* XMarkButton.swift in Sources */,
				6D4EE705287DCEBF002616A6 /* HomeViewModel.swift in Sources */,
				6DA52DE4286F1EB600AE38BA /* ContentView.swift in Sources */,
				6DA8F8AA28BF4B1B00897C2D /* Date.swift in Sources */,
				6D1C2BEA288AE55800BA7197 /* LocalFileManager.swift in Sources */,
				6D855C6928998091007A52FD /* MarketDataModel.swift in Sources */,
				6DA52DF9286F229C00AE38BA /* HomeView.swift in Sources */,
				6D8F70C62892BCE600BD016B /* StatisticView.swift in Sources */,
				6DDCDF1728A1748600656F6C /* PortfolioContainer.xcdatamodeld in Sources */,
				6DAD06B22888164100AA9702 /* CoinImageView.swift in Sources */,
				6DA52DE2286F1EB600AE38BA /* Crypto_coinsApp.swift in Sources */,
				6D950621288F0F4D009C7DC5 /* UIApplication.swift in Sources */,
				6DA52DFD286F238900AE38BA /* CircleButtonView.swift in Sources */,
				6DA52DF3286F205B00AE38BA /* Color.swift in Sources */,
				6DAD2CD328B0F706001C66DA /* DetailView.swift in Sources */,
				6D3DAA8A28AA92D800ACAC6F /* HapticManager.swift in Sources */,
				6D95061F288F09FD009C7DC5 /* SearchBarView.swift in Sources */,
				6DC42C6528857E6D001F9FF9 /* NetworkingManager.swift in Sources */,
				6DDCDF1928A1752200656F6C /* PortfolioDataService.swift in Sources */,
				6D12968C289ADC6B005033F2 /* CoinLogoView.swift in Sources */,
				6D8F70C82892C07A00BD016B /* HomeStatsView.swift in Sources */,
				6D855C6B2899868E007A52FD /* MarketDataService.swift in Sources */,
				6DA52DFF286F26CB00AE38BA /* CircleButtonAnimationView.swift in Sources */,
				6D4AB12E28C231670089BA58 /* String.swift in Sources */,
				6DAD06B6288818FF00AA9702 /* CoinImageViewModel.swift in Sources */,
				6D3B4D482878593F00545E15 /* PreviewProvider.swift in Sources */,
				6D129688289AD7D2005033F2 /* PortfolioView.swift in Sources */,
				6D3B4D4A28786FE000545E15 /* Double.swift in Sources */,
				6DFEE1B228B3D2740019F082 /* CoinDetailModel.swift in Sources */,
				6DAD06B42888177100AA9702 /* CoinImageService.swift in Sources */,
				6DFEE1B628B3D5EA0019F082 /* CoinDetailDataService.swift in Sources */,
				6DFEE1B428B3D5BD0019F082 /* DetailViewModel.swift in Sources */,
				6D2E57322875E85800F24FD7 /* CoinModel.swift in Sources */,
			);
			runOnlyForDeploymentPostprocessing = 0;
		};
/* End PBXSourcesBuildPhase section */

/* Begin XCBuildConfiguration section */
		6DA52DEA286F1EB900AE38BA /* Debug */ = {
			isa = XCBuildConfiguration;
			buildSettings = {
				ALWAYS_SEARCH_USER_PATHS = NO;
				CLANG_ANALYZER_NONNULL = YES;
				CLANG_ANALYZER_NUMBER_OBJECT_CONVERSION = YES_AGGRESSIVE;
				CLANG_CXX_LANGUAGE_STANDARD = "gnu++17";
				CLANG_ENABLE_MODULES = YES;
				CLANG_ENABLE_OBJC_ARC = YES;
				CLANG_ENABLE_OBJC_WEAK = YES;
				CLANG_WARN_BLOCK_CAPTURE_AUTORELEASING = YES;
				CLANG_WARN_BOOL_CONVERSION = YES;
				CLANG_WARN_COMMA = YES;
				CLANG_WARN_CONSTANT_CONVERSION = YES;
				CLANG_WARN_DEPRECATED_OBJC_IMPLEMENTATIONS = YES;
				CLANG_WARN_DIRECT_OBJC_ISA_USAGE = YES_ERROR;
				CLANG_WARN_DOCUMENTATION_COMMENTS = YES;
				CLANG_WARN_EMPTY_BODY = YES;
				CLANG_WARN_ENUM_CONVERSION = YES;
				CLANG_WARN_INFINITE_RECURSION = YES;
				CLANG_WARN_INT_CONVERSION = YES;
				CLANG_WARN_NON_LITERAL_NULL_CONVERSION = YES;
				CLANG_WARN_OBJC_IMPLICIT_RETAIN_SELF = YES;
				CLANG_WARN_OBJC_LITERAL_CONVERSION = YES;
				CLANG_WARN_OBJC_ROOT_CLASS = YES_ERROR;
				CLANG_WARN_QUOTED_INCLUDE_IN_FRAMEWORK_HEADER = YES;
				CLANG_WARN_RANGE_LOOP_ANALYSIS = YES;
				CLANG_WARN_STRICT_PROTOTYPES = YES;
				CLANG_WARN_SUSPICIOUS_MOVE = YES;
				CLANG_WARN_UNGUARDED_AVAILABILITY = YES_AGGRESSIVE;
				CLANG_WARN_UNREACHABLE_CODE = YES;
				CLANG_WARN__DUPLICATE_METHOD_MATCH = YES;
				COPY_PHASE_STRIP = NO;
				DEBUG_INFORMATION_FORMAT = dwarf;
				ENABLE_STRICT_OBJC_MSGSEND = YES;
				ENABLE_TESTABILITY = YES;
				GCC_C_LANGUAGE_STANDARD = gnu11;
				GCC_DYNAMIC_NO_PIC = NO;
				GCC_NO_COMMON_BLOCKS = YES;
				GCC_OPTIMIZATION_LEVEL = 0;
				GCC_PREPROCESSOR_DEFINITIONS = (
					"DEBUG=1",
					"$(inherited)",
				);
				GCC_WARN_64_TO_32_BIT_CONVERSION = YES;
				GCC_WARN_ABOUT_RETURN_TYPE = YES_ERROR;
				GCC_WARN_UNDECLARED_SELECTOR = YES;
				GCC_WARN_UNINITIALIZED_AUTOS = YES_AGGRESSIVE;
				GCC_WARN_UNUSED_FUNCTION = YES;
				GCC_WARN_UNUSED_VARIABLE = YES;
				IPHONEOS_DEPLOYMENT_TARGET = 15.5;
				MTL_ENABLE_DEBUG_INFO = INCLUDE_SOURCE;
				MTL_FAST_MATH = YES;
				ONLY_ACTIVE_ARCH = YES;
				SDKROOT = iphoneos;
				SWIFT_ACTIVE_COMPILATION_CONDITIONS = DEBUG;
				SWIFT_OPTIMIZATION_LEVEL = "-Onone";
			};
			name = Debug;
		};
		6DA52DEB286F1EB900AE38BA /* Release */ = {
			isa = XCBuildConfiguration;
			buildSettings = {
				ALWAYS_SEARCH_USER_PATHS = NO;
				CLANG_ANALYZER_NONNULL = YES;
				CLANG_ANALYZER_NUMBER_OBJECT_CONVERSION = YES_AGGRESSIVE;
				CLANG_CXX_LANGUAGE_STANDARD = "gnu++17";
				CLANG_ENABLE_MODULES = YES;
				CLANG_ENABLE_OBJC_ARC = YES;
				CLANG_ENABLE_OBJC_WEAK = YES;
				CLANG_WARN_BLOCK_CAPTURE_AUTORELEASING = YES;
				CLANG_WARN_BOOL_CONVERSION = YES;
				CLANG_WARN_COMMA = YES;
				CLANG_WARN_CONSTANT_CONVERSION = YES;
				CLANG_WARN_DEPRECATED_OBJC_IMPLEMENTATIONS = YES;
				CLANG_WARN_DIRECT_OBJC_ISA_USAGE = YES_ERROR;
				CLANG_WARN_DOCUMENTATION_COMMENTS = YES;
				CLANG_WARN_EMPTY_BODY = YES;
				CLANG_WARN_ENUM_CONVERSION = YES;
				CLANG_WARN_INFINITE_RECURSION = YES;
				CLANG_WARN_INT_CONVERSION = YES;
				CLANG_WARN_NON_LITERAL_NULL_CONVERSION = YES;
				CLANG_WARN_OBJC_IMPLICIT_RETAIN_SELF = YES;
				CLANG_WARN_OBJC_LITERAL_CONVERSION = YES;
				CLANG_WARN_OBJC_ROOT_CLASS = YES_ERROR;
				CLANG_WARN_QUOTED_INCLUDE_IN_FRAMEWORK_HEADER = YES;
				CLANG_WARN_RANGE_LOOP_ANALYSIS = YES;
				CLANG_WARN_STRICT_PROTOTYPES = YES;
				CLANG_WARN_SUSPICIOUS_MOVE = YES;
				CLANG_WARN_UNGUARDED_AVAILABILITY = YES_AGGRESSIVE;
				CLANG_WARN_UNREACHABLE_CODE = YES;
				CLANG_WARN__DUPLICATE_METHOD_MATCH = YES;
				COPY_PHASE_STRIP = NO;
				DEBUG_INFORMATION_FORMAT = "dwarf-with-dsym";
				ENABLE_NS_ASSERTIONS = NO;
				ENABLE_STRICT_OBJC_MSGSEND = YES;
				GCC_C_LANGUAGE_STANDARD = gnu11;
				GCC_NO_COMMON_BLOCKS = YES;
				GCC_WARN_64_TO_32_BIT_CONVERSION = YES;
				GCC_WARN_ABOUT_RETURN_TYPE = YES_ERROR;
				GCC_WARN_UNDECLARED_SELECTOR = YES;
				GCC_WARN_UNINITIALIZED_AUTOS = YES_AGGRESSIVE;
				GCC_WARN_UNUSED_FUNCTION = YES;
				GCC_WARN_UNUSED_VARIABLE = YES;
				IPHONEOS_DEPLOYMENT_TARGET = 15.5;
				MTL_ENABLE_DEBUG_INFO = NO;
				MTL_FAST_MATH = YES;
				SDKROOT = iphoneos;
				SWIFT_COMPILATION_MODE = wholemodule;
				SWIFT_OPTIMIZATION_LEVEL = "-O";
				VALIDATE_PRODUCT = YES;
			};
			name = Release;
		};
		6DA52DED286F1EB900AE38BA /* Debug */ = {
			isa = XCBuildConfiguration;
			buildSettings = {
				ASSETCATALOG_COMPILER_APPICON_NAME = AppIcon;
				ASSETCATALOG_COMPILER_GLOBAL_ACCENT_COLOR_NAME = AccentColor;
				CODE_SIGN_STYLE = Automatic;
				CURRENT_PROJECT_VERSION = 1;
				DEVELOPMENT_ASSET_PATHS = "\"Crypto coins/Preview Content\"";
				DEVELOPMENT_TEAM = YMPFHSX9UB;
				ENABLE_PREVIEWS = YES;
				GENERATE_INFOPLIST_FILE = YES;
				INFOPLIST_KEY_UIApplicationSceneManifest_Generation = YES;
				INFOPLIST_KEY_UIApplicationSupportsIndirectInputEvents = YES;
				INFOPLIST_KEY_UILaunchScreen_Generation = YES;
				INFOPLIST_KEY_UISupportedInterfaceOrientations = UIInterfaceOrientationPortrait;
				INFOPLIST_KEY_UISupportedInterfaceOrientations_iPad = "UIInterfaceOrientationPortrait UIInterfaceOrientationPortraitUpsideDown UIInterfaceOrientationLandscapeLeft UIInterfaceOrientationLandscapeRight";
				INFOPLIST_KEY_UISupportedInterfaceOrientations_iPhone = "UIInterfaceOrientationPortrait UIInterfaceOrientationLandscapeLeft UIInterfaceOrientationLandscapeRight";
				LD_RUNPATH_SEARCH_PATHS = (
					"$(inherited)",
					"@executable_path/Frameworks",
				);
				MARKETING_VERSION = 1.0;
				PRODUCT_BUNDLE_IDENTIFIER = "com.AleksFF.Crypto-coins";
				PRODUCT_NAME = "$(TARGET_NAME)";
				SWIFT_EMIT_LOC_STRINGS = YES;
				SWIFT_VERSION = 5.0;
				TARGETED_DEVICE_FAMILY = "1,2";
			};
			name = Debug;
		};
		6DA52DEE286F1EB900AE38BA /* Release */ = {
			isa = XCBuildConfiguration;
			buildSettings = {
				ASSETCATALOG_COMPILER_APPICON_NAME = AppIcon;
				ASSETCATALOG_COMPILER_GLOBAL_ACCENT_COLOR_NAME = AccentColor;
				CODE_SIGN_STYLE = Automatic;
				CURRENT_PROJECT_VERSION = 1;
				DEVELOPMENT_ASSET_PATHS = "\"Crypto coins/Preview Content\"";
				DEVELOPMENT_TEAM = YMPFHSX9UB;
				ENABLE_PREVIEWS = YES;
				GENERATE_INFOPLIST_FILE = YES;
				INFOPLIST_KEY_UIApplicationSceneManifest_Generation = YES;
				INFOPLIST_KEY_UIApplicationSupportsIndirectInputEvents = YES;
				INFOPLIST_KEY_UILaunchScreen_Generation = YES;
				INFOPLIST_KEY_UISupportedInterfaceOrientations = UIInterfaceOrientationPortrait;
				INFOPLIST_KEY_UISupportedInterfaceOrientations_iPad = "UIInterfaceOrientationPortrait UIInterfaceOrientationPortraitUpsideDown UIInterfaceOrientationLandscapeLeft UIInterfaceOrientationLandscapeRight";
				INFOPLIST_KEY_UISupportedInterfaceOrientations_iPhone = "UIInterfaceOrientationPortrait UIInterfaceOrientationLandscapeLeft UIInterfaceOrientationLandscapeRight";
				LD_RUNPATH_SEARCH_PATHS = (
					"$(inherited)",
					"@executable_path/Frameworks",
				);
				MARKETING_VERSION = 1.0;
				PRODUCT_BUNDLE_IDENTIFIER = "com.AleksFF.Crypto-coins";
				PRODUCT_NAME = "$(TARGET_NAME)";
				SWIFT_EMIT_LOC_STRINGS = YES;
				SWIFT_VERSION = 5.0;
				TARGETED_DEVICE_FAMILY = "1,2";
			};
			name = Release;
		};
/* End XCBuildConfiguration section */

/* Begin XCConfigurationList section */
		6DA52DD9286F1EB600AE38BA /* Build configuration list for PBXProject "Crypto coins" */ = {
			isa = XCConfigurationList;
			buildConfigurations = (
				6DA52DEA286F1EB900AE38BA /* Debug */,
				6DA52DEB286F1EB900AE38BA /* Release */,
			);
			defaultConfigurationIsVisible = 0;
			defaultConfigurationName = Release;
		};
		6DA52DEC286F1EB900AE38BA /* Build configuration list for PBXNativeTarget "Crypto coins" */ = {
			isa = XCConfigurationList;
			buildConfigurations = (
				6DA52DED286F1EB900AE38BA /* Debug */,
				6DA52DEE286F1EB900AE38BA /* Release */,
			);
			defaultConfigurationIsVisible = 0;
			defaultConfigurationName = Release;
		};
/* End XCConfigurationList section */

/* Begin XCVersionGroup section */
		6DDCDF1528A1748600656F6C /* PortfolioContainer.xcdatamodeld */ = {
			isa = XCVersionGroup;
			children = (
				6DDCDF1628A1748600656F6C /* PortfilioContainer.xcdatamodel */,
			);
			currentVersion = 6DDCDF1628A1748600656F6C /* PortfilioContainer.xcdatamodel */;
			path = PortfolioContainer.xcdatamodeld;
			sourceTree = "<group>";
			versionGroupType = wrapper.xcdatamodel;
		};
/* End XCVersionGroup section */
	};
	rootObject = 6DA52DD6286F1EB600AE38BA /* Project object */;
}
